// !$*UTF8*$!
{
	archiveVersion = 1;
	classes = {
	};
	objectVersion = 77;
	objects = {

/* Begin PBXContainerItemProxy section */
		CB30A5FC2E7BE8C100CCCFE1 /* PBXContainerItemProxy */ = {
			isa = PBXContainerItemProxy;
			containerPortal = CB30A5DD2E7BE8BF00CCCFE1 /* Project object */;
			proxyType = 1;
			remoteGlobalIDString = CB30A5E42E7BE8BF00CCCFE1;
			remoteInfo = IntegrationTestDemo;
		};
		CB30A6062E7BE8C100CCCFE1 /* PBXContainerItemProxy */ = {
			isa = PBXContainerItemProxy;
			containerPortal = CB30A5DD2E7BE8BF00CCCFE1 /* Project object */;
			proxyType = 1;
			remoteGlobalIDString = CB30A5E42E7BE8BF00CCCFE1;
			remoteInfo = IntegrationTestDemo;
		};
/* End PBXContainerItemProxy section */

/* Begin PBXFileReference section */
		CB30A5E52E7BE8BF00CCCFE1 /* IntegrationTestDemo.app */ = {isa = PBXFileReference; explicitFileType = wrapper.application; includeInIndex = 0; path = IntegrationTestDemo.app; sourceTree = BUILT_PRODUCTS_DIR; };
		CB30A5FB2E7BE8C100CCCFE1 /* IntegrationTestDemoTests.xctest */ = {isa = PBXFileReference; explicitFileType = wrapper.cfbundle; includeInIndex = 0; path = IntegrationTestDemoTests.xctest; sourceTree = BUILT_PRODUCTS_DIR; };
		CB30A6052E7BE8C100CCCFE1 /* IntegrationTestDemoUITests.xctest */ = {isa = PBXFileReference; explicitFileType = wrapper.cfbundle; includeInIndex = 0; path = IntegrationTestDemoUITests.xctest; sourceTree = BUILT_PRODUCTS_DIR; };
/* End PBXFileReference section */

/* Begin PBXFileSystemSynchronizedBuildFileExceptionSet section */
		CB30A60D2E7BE8C100CCCFE1 /* Exceptions for "IntegrationTestDemo" folder in "IntegrationTestDemo" target */ = {
			isa = PBXFileSystemSynchronizedBuildFileExceptionSet;
			membershipExceptions = (
				Info.plist,
			);
			target = CB30A5E42E7BE8BF00CCCFE1 /* IntegrationTestDemo */;
		};
/* End PBXFileSystemSynchronizedBuildFileExceptionSet section */

/* Begin PBXFileSystemSynchronizedRootGroup section */
		CB30A5E72E7BE8BF00CCCFE1 /* IntegrationTestDemo */ = {
			isa = PBXFileSystemSynchronizedRootGroup;
			exceptions = (
				CB30A60D2E7BE8C100CCCFE1 /* Exceptions for "IntegrationTestDemo" folder in "IntegrationTestDemo" target */,
			);
			path = IntegrationTestDemo;
			sourceTree = "<group>";
		};
		CB30A5FE2E7BE8C100CCCFE1 /* IntegrationTestDemoTests */ = {
			isa = PBXFileSystemSynchronizedRootGroup;
			path = IntegrationTestDemoTests;
			sourceTree = "<group>";
		};
		CB30A6082E7BE8C100CCCFE1 /* IntegrationTestDemoUITests */ = {
			isa = PBXFileSystemSynchronizedRootGroup;
			path = IntegrationTestDemoUITests;
			sourceTree = "<group>";
		};
/* End PBXFileSystemSynchronizedRootGroup section */

/* Begin PBXFrameworksBuildPhase section */
		CB30A5E22E7BE8BF00CCCFE1 /* Frameworks */ = {
			isa = PBXFrameworksBuildPhase;
			buildActionMask = 2147483647;
			files = (
			);
			runOnlyForDeploymentPostprocessing = 0;
		};
		CB30A5F82E7BE8C100CCCFE1 /* Frameworks */ = {
			isa = PBXFrameworksBuildPhase;
			buildActionMask = 2147483647;
			files = (
			);
			runOnlyForDeploymentPostprocessing = 0;
		};
		CB30A6022E7BE8C100CCCFE1 /* Frameworks */ = {
			isa = PBXFrameworksBuildPhase;
			buildActionMask = 2147483647;
			files = (
			);
			runOnlyForDeploymentPostprocessing = 0;
		};
/* End PBXFrameworksBuildPhase section */

/* Begin PBXGroup section */
		CB30A5DC2E7BE8BF00CCCFE1 = {
			isa = PBXGroup;
			children = (
				CB30A5E72E7BE8BF00CCCFE1 /* IntegrationTestDemo */,
				CB30A5FE2E7BE8C100CCCFE1 /* IntegrationTestDemoTests */,
				CB30A6082E7BE8C100CCCFE1 /* IntegrationTestDemoUITests */,
				CB30A5E62E7BE8BF00CCCFE1 /* Products */,
			);
			sourceTree = "<group>";
		};
		CB30A5E62E7BE8BF00CCCFE1 /* Products */ = {
			isa = PBXGroup;
			children = (
				CB30A5E52E7BE8BF00CCCFE1 /* IntegrationTestDemo.app */,
				CB30A5FB2E7BE8C100CCCFE1 /* IntegrationTestDemoTests.xctest */,
				CB30A6052E7BE8C100CCCFE1 /* IntegrationTestDemoUITests.xctest */,
			);
			name = Products;
			sourceTree = "<group>";
		};
/* End PBXGroup section */

/* Begin PBXNativeTarget section */
		CB30A5E42E7BE8BF00CCCFE1 /* IntegrationTestDemo */ = {
			isa = PBXNativeTarget;
			buildConfigurationList = CB30A60E2E7BE8C100CCCFE1 /* Build configuration list for PBXNativeTarget "IntegrationTestDemo" */;
			buildPhases = (
				CB30A5E12E7BE8BF00CCCFE1 /* Sources */,
				CB30A5E22E7BE8BF00CCCFE1 /* Frameworks */,
				CB30A5E32E7BE8BF00CCCFE1 /* Resources */,
			);
			buildRules = (
			);
			dependencies = (
			);
			fileSystemSynchronizedGroups = (
				CB30A5E72E7BE8BF00CCCFE1 /* IntegrationTestDemo */,
			);
			name = IntegrationTestDemo;
			packageProductDependencies = (
			);
			productName = IntegrationTestDemo;
			productReference = CB30A5E52E7BE8BF00CCCFE1 /* IntegrationTestDemo.app */;
			productType = "com.apple.product-type.application";
		};
		CB30A5FA2E7BE8C100CCCFE1 /* IntegrationTestDemoTests */ = {
			isa = PBXNativeTarget;
			buildConfigurationList = CB30A6132E7BE8C100CCCFE1 /* Build configuration list for PBXNativeTarget "IntegrationTestDemoTests" */;
			buildPhases = (
				CB30A5F72E7BE8C100CCCFE1 /* Sources */,
				CB30A5F82E7BE8C100CCCFE1 /* Frameworks */,
				CB30A5F92E7BE8C100CCCFE1 /* Resources */,
			);
			buildRules = (
			);
			dependencies = (
				CB30A5FD2E7BE8C100CCCFE1 /* PBXTargetDependency */,
			);
			fileSystemSynchronizedGroups = (
				CB30A5FE2E7BE8C100CCCFE1 /* IntegrationTestDemoTests */,
			);
			name = IntegrationTestDemoTests;
			packageProductDependencies = (
			);
			productName = IntegrationTestDemoTests;
			productReference = CB30A5FB2E7BE8C100CCCFE1 /* IntegrationTestDemoTests.xctest */;
			productType = "com.apple.product-type.bundle.unit-test";
		};
		CB30A6042E7BE8C100CCCFE1 /* IntegrationTestDemoUITests */ = {
			isa = PBXNativeTarget;
			buildConfigurationList = CB30A6162E7BE8C100CCCFE1 /* Build configuration list for PBXNativeTarget "IntegrationTestDemoUITests" */;
			buildPhases = (
				CB30A6012E7BE8C100CCCFE1 /* Sources */,
				CB30A6022E7BE8C100CCCFE1 /* Frameworks */,
				CB30A6032E7BE8C100CCCFE1 /* Resources */,
			);
			buildRules = (
			);
			dependencies = (
				CB30A6072E7BE8C100CCCFE1 /* PBXTargetDependency */,
			);
			fileSystemSynchronizedGroups = (
				CB30A6082E7BE8C100CCCFE1 /* IntegrationTestDemoUITests */,
			);
			name = IntegrationTestDemoUITests;
			packageProductDependencies = (
			);
			productName = IntegrationTestDemoUITests;
			productReference = CB30A6052E7BE8C100CCCFE1 /* IntegrationTestDemoUITests.xctest */;
			productType = "com.apple.product-type.bundle.ui-testing";
		};
/* End PBXNativeTarget section */

/* Begin PBXProject section */
		CB30A5DD2E7BE8BF00CCCFE1 /* Project object */ = {
			isa = PBXProject;
			attributes = {
				BuildIndependentTargetsInParallel = 1;
				LastSwiftUpdateCheck = 1630;
				LastUpgradeCheck = 1630;
				TargetAttributes = {
					CB30A5E42E7BE8BF00CCCFE1 = {
						CreatedOnToolsVersion = 16.3;
					};
					CB30A5FA2E7BE8C100CCCFE1 = {
						CreatedOnToolsVersion = 16.3;
						TestTargetID = CB30A5E42E7BE8BF00CCCFE1;
					};
					CB30A6042E7BE8C100CCCFE1 = {
						CreatedOnToolsVersion = 16.3;
						TestTargetID = CB30A5E42E7BE8BF00CCCFE1;
					};
				};
			};
			buildConfigurationList = CB30A5E02E7BE8BF00CCCFE1 /* Build configuration list for PBXProject "IntegrationTestDemo" */;
			developmentRegion = en;
			hasScannedForEncodings = 0;
			knownRegions = (
				en,
				Base,
			);
			mainGroup = CB30A5DC2E7BE8BF00CCCFE1;
			minimizedProjectReferenceProxies = 1;
			preferredProjectObjectVersion = 77;
			productRefGroup = CB30A5E62E7BE8BF00CCCFE1 /* Products */;
			projectDirPath = "";
			projectRoot = "";
			targets = (
				CB30A5E42E7BE8BF00CCCFE1 /* IntegrationTestDemo */,
				CB30A5FA2E7BE8C100CCCFE1 /* IntegrationTestDemoTests */,
				CB30A6042E7BE8C100CCCFE1 /* IntegrationTestDemoUITests */,
			);
		};
/* End PBXProject section */

/* Begin PBXResourcesBuildPhase section */
		CB30A5E32E7BE8BF00CCCFE1 /* Resources */ = {
			isa = PBXResourcesBuildPhase;
			buildActionMask = 2147483647;
			files = (
			);
			runOnlyForDeploymentPostprocessing = 0;
		};
		CB30A5F92E7BE8C100CCCFE1 /* Resources */ = {
			isa = PBXResourcesBuildPhase;
			buildActionMask = 2147483647;
			files = (
			);
			runOnlyForDeploymentPostprocessing = 0;
		};
		CB30A6032E7BE8C100CCCFE1 /* Resources */ = {
			isa = PBXResourcesBuildPhase;
			buildActionMask = 2147483647;
			files = (
			);
			runOnlyForDeploymentPostprocessing = 0;
		};
/* End PBXResourcesBuildPhase section */

/* Begin PBXSourcesBuildPhase section */
		CB30A5E12E7BE8BF00CCCFE1 /* Sources */ = {
			isa = PBXSourcesBuildPhase;
			buildActionMask = 2147483647;
			files = (
			);
			runOnlyForDeploymentPostprocessing = 0;
		};
		CB30A5F72E7BE8C100CCCFE1 /* Sources */ = {
			isa = PBXSourcesBuildPhase;
			buildActionMask = 2147483647;
			files = (
			);
			runOnlyForDeploymentPostprocessing = 0;
		};
		CB30A6012E7BE8C100CCCFE1 /* Sources */ = {
			isa = PBXSourcesBuildPhase;
			buildActionMask = 2147483647;
			files = (
			);
			runOnlyForDeploymentPostprocessing = 0;
		};
/* End PBXSourcesBuildPhase section */

/* Begin PBXTargetDependency section */
		CB30A5FD2E7BE8C100CCCFE1 /* PBXTargetDependency */ = {
			isa = PBXTargetDependency;
			target = CB30A5E42E7BE8BF00CCCFE1 /* IntegrationTestDemo */;
			targetProxy = CB30A5FC2E7BE8C100CCCFE1 /* PBXContainerItemProxy */;
		};
		CB30A6072E7BE8C100CCCFE1 /* PBXTargetDependency */ = {
			isa = PBXTargetDependency;
			target = CB30A5E42E7BE8BF00CCCFE1 /* IntegrationTestDemo */;
			targetProxy = CB30A6062E7BE8C100CCCFE1 /* PBXContainerItemProxy */;
		};
/* End PBXTargetDependency section */

/* Begin XCBuildConfiguration section */
		CB30A60F2E7BE8C100CCCFE1 /* Debug */ = {
			isa = XCBuildConfiguration;
			buildSettings = {
				ASSETCATALOG_COMPILER_APPICON_NAME = AppIcon;
				ASSETCATALOG_COMPILER_GLOBAL_ACCENT_COLOR_NAME = AccentColor;
				CODE_SIGN_STYLE = Automatic;
				CURRENT_PROJECT_VERSION = 1;
				GENERATE_INFOPLIST_FILE = YES;
				INFOPLIST_FILE = IntegrationTestDemo/Info.plist;
				INFOPLIST_KEY_UIApplicationSupportsIndirectInputEvents = YES;
				INFOPLIST_KEY_UILaunchStoryboardName = LaunchScreen;
				INFOPLIST_KEY_UIMainStoryboardFile = Main;
				INFOPLIST_KEY_UISupportedInterfaceOrientations_iPad = "UIInterfaceOrientationPortrait UIInterfaceOrientationPortraitUpsideDown UIInterfaceOrientationLandscapeLeft UIInterfaceOrientationLandscapeRight";
				INFOPLIST_KEY_UISupportedInterfaceOrientations_iPhone = "UIInterfaceOrientationPortrait UIInterfaceOrientationLandscapeLeft UIInterfaceOrientationLandscapeRight";
				LD_RUNPATH_SEARCH_PATHS = (
					"$(inherited)",
					"@executable_path/Frameworks",
				);
				MARKETING_VERSION = 1.0;
				PRODUCT_BUNDLE_IDENTIFIER = com.dev.test.IntegrationTestDemo;
				PRODUCT_NAME = "$(TARGET_NAME)";
				SWIFT_EMIT_LOC_STRINGS = YES;
				SWIFT_VERSION = 5.0;
				TARGETED_DEVICE_FAMILY = "1,2";
			};
			name = Debug;
		};
		CB30A6102E7BE8C100CCCFE1 /* Release */ = {
			isa = XCBuildConfiguration;
			buildSettings = {
				ASSETCATALOG_COMPILER_APPICON_NAME = AppIcon;
				ASSETCATALOG_COMPILER_GLOBAL_ACCENT_COLOR_NAME = AccentColor;
				CODE_SIGN_STYLE = Automatic;
				CURRENT_PROJECT_VERSION = 1;
				GENERATE_INFOPLIST_FILE = YES;
				INFOPLIST_FILE = IntegrationTestDemo/Info.plist;
				INFOPLIST_KEY_UIApplicationSupportsIndirectInputEvents = YES;
				INFOPLIST_KEY_UILaunchStoryboardName = LaunchScreen;
				INFOPLIST_KEY_UIMainStoryboardFile = Main;
				INFOPLIST_KEY_UISupportedInterfaceOrientations_iPad = "UIInterfaceOrientationPortrait UIInterfaceOrientationPortraitUpsideDown UIInterfaceOrientationLandscapeLeft UIInterfaceOrientationLandscapeRight";
				INFOPLIST_KEY_UISupportedInterfaceOrientations_iPhone = "UIInterfaceOrientationPortrait UIInterfaceOrientationLandscapeLeft UIInterfaceOrientationLandscapeRight";
				LD_RUNPATH_SEARCH_PATHS = (
					"$(inherited)",
					"@executable_path/Frameworks",
				);
				MARKETING_VERSION = 1.0;
				PRODUCT_BUNDLE_IDENTIFIER = com.dev.test.IntegrationTestDemo;
				PRODUCT_NAME = "$(TARGET_NAME)";
				SWIFT_EMIT_LOC_STRINGS = YES;
				SWIFT_VERSION = 5.0;
				TARGETED_DEVICE_FAMILY = "1,2";
			};
			name = Release;
		};
		CB30A6112E7BE8C100CCCFE1 /* Debug */ = {
			isa = XCBuildConfiguration;
			buildSettings = {
				ALWAYS_SEARCH_USER_PATHS = NO;
				ASSETCATALOG_COMPILER_GENERATE_SWIFT_ASSET_SYMBOL_EXTENSIONS = YES;
				CLANG_ANALYZER_NONNULL = YES;
				CLANG_ANALYZER_NUMBER_OBJECT_CONVERSION = YES_AGGRESSIVE;
				CLANG_CXX_LANGUAGE_STANDARD = "gnu++20";
				CLANG_ENABLE_MODULES = YES;
				CLANG_ENABLE_OBJC_ARC = YES;
				CLANG_ENABLE_OBJC_WEAK = YES;
				CLANG_WARN_BLOCK_CAPTURE_AUTORELEASING = YES;
				CLANG_WARN_BOOL_CONVERSION = YES;
				CLANG_WARN_COMMA = YES;
				CLANG_WARN_CONSTANT_CONVERSION = YES;
				CLANG_WARN_DEPRECATED_OBJC_IMPLEMENTATIONS = YES;
				CLANG_WARN_DIRECT_OBJC_ISA_USAGE = YES_ERROR;
				CLANG_WARN_DOCUMENTATION_COMMENTS = YES;
				CLANG_WARN_EMPTY_BODY = YES;
				CLANG_WARN_ENUM_CONVERSION = YES;
				CLANG_WARN_INFINITE_RECURSION = YES;
				CLANG_WARN_INT_CONVERSION = YES;
				CLANG_WARN_NON_LITERAL_NULL_CONVERSION = YES;
				CLANG_WARN_OBJC_IMPLICIT_RETAIN_SELF = YES;
				CLANG_WARN_OBJC_LITERAL_CONVERSION = YES;
				CLANG_WARN_OBJC_ROOT_CLASS = YES_ERROR;
				CLANG_WARN_QUOTED_INCLUDE_IN_FRAMEWORK_HEADER = YES;
				CLANG_WARN_RANGE_LOOP_ANALYSIS = YES;
				CLANG_WARN_STRICT_PROTOTYPES = YES;
				CLANG_WARN_SUSPICIOUS_MOVE = YES;
				CLANG_WARN_UNGUARDED_AVAILABILITY = YES_AGGRESSIVE;
				CLANG_WARN_UNREACHABLE_CODE = YES;
				CLANG_WARN__DUPLICATE_METHOD_MATCH = YES;
				COPY_PHASE_STRIP = NO;
				DEBUG_INFORMATION_FORMAT = dwarf;
				ENABLE_STRICT_OBJC_MSGSEND = YES;
				ENABLE_TESTABILITY = YES;
				ENABLE_USER_SCRIPT_SANDBOXING = YES;
				GCC_C_LANGUAGE_STANDARD = gnu17;
				GCC_DYNAMIC_NO_PIC = NO;
				GCC_NO_COMMON_BLOCKS = YES;
				GCC_OPTIMIZATION_LEVEL = 0;
				GCC_PREPROCESSOR_DEFINITIONS = (
					"DEBUG=1",
					"$(inherited)",
				);
				GCC_WARN_64_TO_32_BIT_CONVERSION = YES;
				GCC_WARN_ABOUT_RETURN_TYPE = YES_ERROR;
				GCC_WARN_UNDECLARED_SELECTOR = YES;
				GCC_WARN_UNINITIALIZED_AUTOS = YES_AGGRESSIVE;
				GCC_WARN_UNUSED_FUNCTION = YES;
				GCC_WARN_UNUSED_VARIABLE = YES;
				IPHONEOS_DEPLOYMENT_TARGET = 18.4;
				LOCALIZATION_PREFERS_STRING_CATALOGS = YES;
				MTL_ENABLE_DEBUG_INFO = INCLUDE_SOURCE;
				MTL_FAST_MATH = YES;
				ONLY_ACTIVE_ARCH = YES;
				SDKROOT = iphoneos;
				SWIFT_ACTIVE_COMPILATION_CONDITIONS = "DEBUG $(inherited)";
				SWIFT_OPTIMIZATION_LEVEL = "-Onone";
			};
			name = Debug;
		};
		CB30A6122E7BE8C100CCCFE1 /* Release */ = {
			isa = XCBuildConfiguration;
			buildSettings = {
				ALWAYS_SEARCH_USER_PATHS = NO;
				ASSETCATALOG_COMPILER_GENERATE_SWIFT_ASSET_SYMBOL_EXTENSIONS = YES;
				CLANG_ANALYZER_NONNULL = YES;
				CLANG_ANALYZER_NUMBER_OBJECT_CONVERSION = YES_AGGRESSIVE;
				CLANG_CXX_LANGUAGE_STANDARD = "gnu++20";
				CLANG_ENABLE_MODULES = YES;
				CLANG_ENABLE_OBJC_ARC = YES;
				CLANG_ENABLE_OBJC_WEAK = YES;
				CLANG_WARN_BLOCK_CAPTURE_AUTORELEASING = YES;
				CLANG_WARN_BOOL_CONVERSION = YES;
				CLANG_WARN_COMMA = YES;
				CLANG_WARN_CONSTANT_CONVERSION = YES;
				CLANG_WARN_DEPRECATED_OBJC_IMPLEMENTATIONS = YES;
				CLANG_WARN_DIRECT_OBJC_ISA_USAGE = YES_ERROR;
				CLANG_WARN_DOCUMENTATION_COMMENTS = YES;
				CLANG_WARN_EMPTY_BODY = YES;
				CLANG_WARN_ENUM_CONVERSION = YES;
				CLANG_WARN_INFINITE_RECURSION = YES;
				CLANG_WARN_INT_CONVERSION = YES;
				CLANG_WARN_NON_LITERAL_NULL_CONVERSION = YES;
				CLANG_WARN_OBJC_IMPLICIT_RETAIN_SELF = YES;
				CLANG_WARN_OBJC_LITERAL_CONVERSION = YES;
				CLANG_WARN_OBJC_ROOT_CLASS = YES_ERROR;
				CLANG_WARN_QUOTED_INCLUDE_IN_FRAMEWORK_HEADER = YES;
				CLANG_WARN_RANGE_LOOP_ANALYSIS = YES;
				CLANG_WARN_STRICT_PROTOTYPES = YES;
				CLANG_WARN_SUSPICIOUS_MOVE = YES;
				CLANG_WARN_UNGUARDED_AVAILABILITY = YES_AGGRESSIVE;
				CLANG_WARN_UNREACHABLE_CODE = YES;
				CLANG_WARN__DUPLICATE_METHOD_MATCH = YES;
				COPY_PHASE_STRIP = NO;
				DEBUG_INFORMATION_FORMAT = "dwarf-with-dsym";
				ENABLE_NS_ASSERTIONS = NO;
				ENABLE_STRICT_OBJC_MSGSEND = YES;
				ENABLE_USER_SCRIPT_SANDBOXING = YES;
				GCC_C_LANGUAGE_STANDARD = gnu17;
				GCC_NO_COMMON_BLOCKS = YES;
				GCC_WARN_64_TO_32_BIT_CONVERSION = YES;
				GCC_WARN_ABOUT_RETURN_TYPE = YES_ERROR;
				GCC_WARN_UNDECLARED_SELECTOR = YES;
				GCC_WARN_UNINITIALIZED_AUTOS = YES_AGGRESSIVE;
				GCC_WARN_UNUSED_FUNCTION = YES;
				GCC_WARN_UNUSED_VARIABLE = YES;
				IPHONEOS_DEPLOYMENT_TARGET = 18.4;
				LOCALIZATION_PREFERS_STRING_CATALOGS = YES;
				MTL_ENABLE_DEBUG_INFO = NO;
				MTL_FAST_MATH = YES;
				SDKROOT = iphoneos;
				SWIFT_COMPILATION_MODE = wholemodule;
				VALIDATE_PRODUCT = YES;
			};
			name = Release;
		};
		CB30A6142E7BE8C100CCCFE1 /* Debug */ = {
			isa = XCBuildConfiguration;
			buildSettings = {
				BUNDLE_LOADER = "$(TEST_HOST)";
				CODE_SIGN_STYLE = Automatic;
				CURRENT_PROJECT_VERSION = 1;
				GENERATE_INFOPLIST_FILE = YES;
				IPHONEOS_DEPLOYMENT_TARGET = 18.4;
				MARKETING_VERSION = 1.0;
				PRODUCT_BUNDLE_IDENTIFIER = com.dev.test.IntegrationTestDemoTests;
				PRODUCT_NAME = "$(TARGET_NAME)";
				SWIFT_EMIT_LOC_STRINGS = NO;
				SWIFT_VERSION = 5.0;
				TARGETED_DEVICE_FAMILY = "1,2";
				TEST_HOST = "$(BUILT_PRODUCTS_DIR)/IntegrationTestDemo.app/$(BUNDLE_EXECUTABLE_FOLDER_PATH)/IntegrationTestDemo";
			};
			name = Debug;
		};
		CB30A6152E7BE8C100CCCFE1 /* Release */ = {
			isa = XCBuildConfiguration;
			buildSettings = {
				BUNDLE_LOADER = "$(TEST_HOST)";
				CODE_SIGN_STYLE = Automatic;
				CURRENT_PROJECT_VERSION = 1;
				GENERATE_INFOPLIST_FILE = YES;
				IPHONEOS_DEPLOYMENT_TARGET = 18.4;
				MARKETING_VERSION = 1.0;
				PRODUCT_BUNDLE_IDENTIFIER = com.dev.test.IntegrationTestDemoTests;
				PRODUCT_NAME = "$(TARGET_NAME)";
				SWIFT_EMIT_LOC_STRINGS = NO;
				SWIFT_VERSION = 5.0;
				TARGETED_DEVICE_FAMILY = "1,2";
				TEST_HOST = "$(BUILT_PRODUCTS_DIR)/IntegrationTestDemo.app/$(BUNDLE_EXECUTABLE_FOLDER_PATH)/IntegrationTestDemo";
			};
			name = Release;
		};
		CB30A6172E7BE8C100CCCFE1 /* Debug */ = {
			isa = XCBuildConfiguration;
			buildSettings = {
				CODE_SIGN_STYLE = Automatic;
				CURRENT_PROJECT_VERSION = 1;
				GENERATE_INFOPLIST_FILE = YES;
				MARKETING_VERSION = 1.0;
				PRODUCT_BUNDLE_IDENTIFIER = com.dev.test.IntegrationTestDemoUITests;
				PRODUCT_NAME = "$(TARGET_NAME)";
				SWIFT_EMIT_LOC_STRINGS = NO;
				SWIFT_VERSION = 5.0;
				TARGETED_DEVICE_FAMILY = "1,2";
				TEST_TARGET_NAME = IntegrationTestDemo;
			};
			name = Debug;
		};
		CB30A6182E7BE8C100CCCFE1 /* Release */ = {
			isa = XCBuildConfiguration;
			buildSettings = {
				CODE_SIGN_STYLE = Automatic;
				CURRENT_PROJECT_VERSION = 1;
				GENERATE_INFOPLIST_FILE = YES;
				MARKETING_VERSION = 1.0;
				PRODUCT_BUNDLE_IDENTIFIER = com.dev.test.IntegrationTestDemoUITests;
				PRODUCT_NAME = "$(TARGET_NAME)";
				SWIFT_EMIT_LOC_STRINGS = NO;
				SWIFT_VERSION = 5.0;
				TARGETED_DEVICE_FAMILY = "1,2";
				TEST_TARGET_NAME = IntegrationTestDemo;
			};
			name = Release;
		};
/* End XCBuildConfiguration section */

/* Begin XCConfigurationList section */
		CB30A5E02E7BE8BF00CCCFE1 /* Build configuration list for PBXProject "IntegrationTestDemo" */ = {
			isa = XCConfigurationList;
			buildConfigurations = (
				CB30A6112E7BE8C100CCCFE1 /* Debug */,
				CB30A6122E7BE8C100CCCFE1 /* Release */,
			);
			defaultConfigurationIsVisible = 0;
			defaultConfigurationName = Release;
		};
		CB30A60E2E7BE8C100CCCFE1 /* Build configuration list for PBXNativeTarget "IntegrationTestDemo" */ = {
			isa = XCConfigurationList;
			buildConfigurations = (
				CB30A60F2E7BE8C100CCCFE1 /* Debug */,
				CB30A6102E7BE8C100CCCFE1 /* Release */,
			);
			defaultConfigurationIsVisible = 0;
			defaultConfigurationName = Release;
		};
		CB30A6132E7BE8C100CCCFE1 /* Build configuration list for PBXNativeTarget "IntegrationTestDemoTests" */ = {
			isa = XCConfigurationList;
			buildConfigurations = (
				CB30A6142E7BE8C100CCCFE1 /* Debug */,
				CB30A6152E7BE8C100CCCFE1 /* Release */,
			);
			defaultConfigurationIsVisible = 0;
			defaultConfigurationName = Release;
		};
		CB30A6162E7BE8C100CCCFE1 /* Build configuration list for PBXNativeTarget "IntegrationTestDemoUITests" */ = {
			isa = XCConfigurationList;
			buildConfigurations = (
				CB30A6172E7BE8C100CCCFE1 /* Debug */,
				CB30A6182E7BE8C100CCCFE1 /* Release */,
			);
			defaultConfigurationIsVisible = 0;
			defaultConfigurationName = Release;
		};
/* End XCConfigurationList section */
	};
	rootObject = CB30A5DD2E7BE8BF00CCCFE1 /* Project object */;
}
